
Microsoft Visual Studio Solution File, Format Version 12.00
# Visual Studio Version 16
VisualStudioVersion = 16.0.30611.23
MinimumVisualStudioVersion = 10.0.40219.1
Project("{FAE04EC0-301F-11D3-BF4B-00C04F79EFBC}") = "notDefteri", "notDefteri\notDefteri.csproj", "{03289619-16B1-45FF-A527-572DAF53277A}"
EndProject
Global
	GlobalSection(SolutionConfigurationPlatforms) = preSolution
		Debug|Any CPU = Debug|Any CPU
		Release|Any CPU = Release|Any CPU
	EndGlobalSection
	GlobalSection(ProjectConfigurationPlatforms) = postSolution
		{03289619-16B1-45FF-A527-572DAF53277A}.Debug|Any CPU.ActiveCfg = Debug|Any CPU
		{03289619-16B1-45FF-A527-572DAF53277A}.Debug|Any CPU.Build.0 = Debug|Any CPU
		{03289619-16B1-45FF-A527-572DAF53277A}.Release|Any CPU.ActiveCfg = Release|Any CPU
		{03289619-16B1-45FF-A527-572DAF53277A}.Release|Any CPU.Build.0 = Release|Any CPU
	EndGlobalSection
	GlobalSection(SolutionProperties) = preSolution
		HideSolutionNode = FALSE
	EndGlobalSection
	GlobalSection(ExtensibilityGlobals) = postSolution
		SolutionGuid = {A3111913-B000-4782-9B3E-1A81ED34DEA4}
	EndGlobalSection
EndGlobal
